
Microsoft Visual Studio Solution File, Format Version 12.00
# Visual Studio 2013
VisualStudioVersion = 12.0.21005.1
MinimumVisualStudioVersion = 10.0.40219.1
Project("{FAE04EC0-301F-11D3-BF4B-00C04F79EFBC}") = "Hetao.Framework.Cms", "Hetao.Framework.Cms\Hetao.Framework.Cms.csproj", "{614EE41F-D963-4BDB-8A7F-9027D2B980C4}"
EndProject
Project("{FAE04EC0-301F-11D3-BF4B-00C04F79EFBC}") = "Hetao.Framework.Contract", "Hetao.Framework.Contract\Hetao.Framework.Contract.csproj", "{01319EEB-28CD-4822-8A3F-8902099E27D6}"
EndProject
Project("{FAE04EC0-301F-11D3-BF4B-00C04F79EFBC}") = "Hetao.Framework.BLL", "Hetao.Framework.BLL\Hetao.Framework.BLL.csproj", "{D1F0C70F-021C-4353-854E-D5B9B56A8521}"
EndProject
Project("{FAE04EC0-301F-11D3-BF4B-00C04F79EFBC}") = "Hetao.Framework.DAL", "Hetao.Framework.DAL\Hetao.Framework.DAL.csproj", "{6AC9A053-968E-4E33-B1D2-DCAA6B45A774}"
EndProject
Project("{FAE04EC0-301F-11D3-BF4B-00C04F79EFBC}") = "Hetao.Framework.Utility", "Hetao.Framework.Utility\Hetao.Framework.Utility.csproj", "{DBF5F6BB-5508-41EE-B4D2-402CFFFD28E9}"
EndProject
Project("{FAE04EC0-301F-11D3-BF4B-00C04F79EFBC}") = "Hetao.Framework.Web", "Hetao.Framework.Web\Hetao.Framework.Web.csproj", "{CC6642F4-36AB-44D8-842C-40A89274992E}"
EndProject
Project("{2150E333-8FDC-42A3-9474-1A3956D46DE8}") = "Framework", "Framework", "{34F28586-0FF5-46A0-A590-1ABEC117BF33}"
EndProject
Project("{2150E333-8FDC-42A3-9474-1A3956D46DE8}") = "Cms", "Cms", "{3948DD2F-C43E-4D0B-B7C2-239299692FEE}"
EndProject
Project("{FAE04EC0-301F-11D3-BF4B-00C04F79EFBC}") = "Hetao.Framework.Cms.Services", "Hetao.Framework.Cms.Services\Hetao.Framework.Cms.Services.csproj", "{10606BC1-1E57-43B1-9B45-42D970D668B2}"
EndProject
Project("{FAE04EC0-301F-11D3-BF4B-00C04F79EFBC}") = "Hetao.Framework.SamplePermission", "Hetao.Framework.SamplePermission\Hetao.Framework.SamplePermission.csproj", "{326A5E89-9521-4E4F-959B-7C2CFB307C67}"
EndProject
Project("{2150E333-8FDC-42A3-9474-1A3956D46DE8}") = "Common", "Common", "{10814F9A-7AE5-4827-954C-AF61A94848AE}"
EndProject
Project("{FAE04EC0-301F-11D3-BF4B-00C04F79EFBC}") = "Hetao.Framework.Config", "Hetao.Framework.Config\Hetao.Framework.Config.csproj", "{5B8590D3-1F31-45BF-9C7E-7F41FC5E2579}"
EndProject
Project("{FAE04EC0-301F-11D3-BF4B-00C04F79EFBC}") = "Hetao.Framework.CmsService", "Hetao.Framework.CmsService\Hetao.Framework.CmsService.csproj", "{6023C68F-E9B5-474C-BBFE-04F33A6E049E}"
EndProject
Global
	GlobalSection(SolutionConfigurationPlatforms) = preSolution
		Debug|Any CPU = Debug|Any CPU
		Release|Any CPU = Release|Any CPU
	EndGlobalSection
	GlobalSection(ProjectConfigurationPlatforms) = postSolution
		{614EE41F-D963-4BDB-8A7F-9027D2B980C4}.Debug|Any CPU.ActiveCfg = Debug|Any CPU
		{614EE41F-D963-4BDB-8A7F-9027D2B980C4}.Debug|Any CPU.Build.0 = Debug|Any CPU
		{614EE41F-D963-4BDB-8A7F-9027D2B980C4}.Release|Any CPU.ActiveCfg = Release|Any CPU
		{614EE41F-D963-4BDB-8A7F-9027D2B980C4}.Release|Any CPU.Build.0 = Release|Any CPU
		{01319EEB-28CD-4822-8A3F-8902099E27D6}.Debug|Any CPU.ActiveCfg = Debug|Any CPU
		{01319EEB-28CD-4822-8A3F-8902099E27D6}.Debug|Any CPU.Build.0 = Debug|Any CPU
		{01319EEB-28CD-4822-8A3F-8902099E27D6}.Release|Any CPU.ActiveCfg = Release|Any CPU
		{01319EEB-28CD-4822-8A3F-8902099E27D6}.Release|Any CPU.Build.0 = Release|Any CPU
		{D1F0C70F-021C-4353-854E-D5B9B56A8521}.Debug|Any CPU.ActiveCfg = Debug|Any CPU
		{D1F0C70F-021C-4353-854E-D5B9B56A8521}.Debug|Any CPU.Build.0 = Debug|Any CPU
		{D1F0C70F-021C-4353-854E-D5B9B56A8521}.Release|Any CPU.ActiveCfg = Release|Any CPU
		{D1F0C70F-021C-4353-854E-D5B9B56A8521}.Release|Any CPU.Build.0 = Release|Any CPU
		{6AC9A053-968E-4E33-B1D2-DCAA6B45A774}.Debug|Any CPU.ActiveCfg = Debug|Any CPU
		{6AC9A053-968E-4E33-B1D2-DCAA6B45A774}.Debug|Any CPU.Build.0 = Debug|Any CPU
		{6AC9A053-968E-4E33-B1D2-DCAA6B45A774}.Release|Any CPU.ActiveCfg = Release|Any CPU
		{6AC9A053-968E-4E33-B1D2-DCAA6B45A774}.Release|Any CPU.Build.0 = Release|Any CPU
		{DBF5F6BB-5508-41EE-B4D2-402CFFFD28E9}.Debug|Any CPU.ActiveCfg = Debug|Any CPU
		{DBF5F6BB-5508-41EE-B4D2-402CFFFD28E9}.Debug|Any CPU.Build.0 = Debug|Any CPU
		{DBF5F6BB-5508-41EE-B4D2-402CFFFD28E9}.Release|Any CPU.ActiveCfg = Release|Any CPU
		{DBF5F6BB-5508-41EE-B4D2-402CFFFD28E9}.Release|Any CPU.Build.0 = Release|Any CPU
		{CC6642F4-36AB-44D8-842C-40A89274992E}.Debug|Any CPU.ActiveCfg = Debug|Any CPU
		{CC6642F4-36AB-44D8-842C-40A89274992E}.Debug|Any CPU.Build.0 = Debug|Any CPU
		{CC6642F4-36AB-44D8-842C-40A89274992E}.Release|Any CPU.ActiveCfg = Release|Any CPU
		{CC6642F4-36AB-44D8-842C-40A89274992E}.Release|Any CPU.Build.0 = Release|Any CPU
		{10606BC1-1E57-43B1-9B45-42D970D668B2}.Debug|Any CPU.ActiveCfg = Debug|Any CPU
		{10606BC1-1E57-43B1-9B45-42D970D668B2}.Debug|Any CPU.Build.0 = Debug|Any CPU
		{10606BC1-1E57-43B1-9B45-42D970D668B2}.Release|Any CPU.ActiveCfg = Release|Any CPU
		{10606BC1-1E57-43B1-9B45-42D970D668B2}.Release|Any CPU.Build.0 = Release|Any CPU
		{326A5E89-9521-4E4F-959B-7C2CFB307C67}.Debug|Any CPU.ActiveCfg = Debug|Any CPU
		{326A5E89-9521-4E4F-959B-7C2CFB307C67}.Debug|Any CPU.Build.0 = Debug|Any CPU
		{326A5E89-9521-4E4F-959B-7C2CFB307C67}.Release|Any CPU.ActiveCfg = Release|Any CPU
		{326A5E89-9521-4E4F-959B-7C2CFB307C67}.Release|Any CPU.Build.0 = Release|Any CPU
		{5B8590D3-1F31-45BF-9C7E-7F41FC5E2579}.Debug|Any CPU.ActiveCfg = Debug|Any CPU
		{5B8590D3-1F31-45BF-9C7E-7F41FC5E2579}.Debug|Any CPU.Build.0 = Debug|Any CPU
		{5B8590D3-1F31-45BF-9C7E-7F41FC5E2579}.Release|Any CPU.ActiveCfg = Release|Any CPU
		{5B8590D3-1F31-45BF-9C7E-7F41FC5E2579}.Release|Any CPU.Build.0 = Release|Any CPU
		{6023C68F-E9B5-474C-BBFE-04F33A6E049E}.Debug|Any CPU.ActiveCfg = Debug|Any CPU
		{6023C68F-E9B5-474C-BBFE-04F33A6E049E}.Debug|Any CPU.Build.0 = Debug|Any CPU
		{6023C68F-E9B5-474C-BBFE-04F33A6E049E}.Release|Any CPU.ActiveCfg = Release|Any CPU
		{6023C68F-E9B5-474C-BBFE-04F33A6E049E}.Release|Any CPU.Build.0 = Release|Any CPU
	EndGlobalSection
	GlobalSection(SolutionProperties) = preSolution
		HideSolutionNode = FALSE
	EndGlobalSection
	GlobalSection(NestedProjects) = preSolution
		{614EE41F-D963-4BDB-8A7F-9027D2B980C4} = {3948DD2F-C43E-4D0B-B7C2-239299692FEE}
		{10606BC1-1E57-43B1-9B45-42D970D668B2} = {3948DD2F-C43E-4D0B-B7C2-239299692FEE}
		{6023C68F-E9B5-474C-BBFE-04F33A6E049E} = {3948DD2F-C43E-4D0B-B7C2-239299692FEE}
		{D1F0C70F-021C-4353-854E-D5B9B56A8521} = {34F28586-0FF5-46A0-A590-1ABEC117BF33}
		{6AC9A053-968E-4E33-B1D2-DCAA6B45A774} = {34F28586-0FF5-46A0-A590-1ABEC117BF33}
		{DBF5F6BB-5508-41EE-B4D2-402CFFFD28E9} = {34F28586-0FF5-46A0-A590-1ABEC117BF33}
		{CC6642F4-36AB-44D8-842C-40A89274992E} = {34F28586-0FF5-46A0-A590-1ABEC117BF33}
		{01319EEB-28CD-4822-8A3F-8902099E27D6} = {34F28586-0FF5-46A0-A590-1ABEC117BF33}
		{5B8590D3-1F31-45BF-9C7E-7F41FC5E2579} = {34F28586-0FF5-46A0-A590-1ABEC117BF33}
		{326A5E89-9521-4E4F-959B-7C2CFB307C67} = {10814F9A-7AE5-4827-954C-AF61A94848AE}
	EndGlobalSection
EndGlobal
